
Microsoft Visual Studio Solution File, Format Version 12.00
# Visual Studio 14
VisualStudioVersion = 14.0.25420.1
MinimumVisualStudioVersion = 10.0.40219.1
Project("{FAE04EC0-301F-11D3-BF4B-00C04F79EFBC}") = "MalkySchechterAssignment2", "MalkySchechterAssignment2\MalkySchechterAssignment2.csproj", "{194D7E16-0096-4331-A2DE-C932B9ED8FCC}"
EndProject
Project("{FAE04EC0-301F-11D3-BF4B-00C04F79EFBC}") = "Console", "Console\Console.csproj", "{AB8E08E8-0E90-447A-A331-6795982BE3F6}"
EndProject
Global
	GlobalSection(SolutionConfigurationPlatforms) = preSolution
		Debug|Any CPU = Debug|Any CPU
		Release|Any CPU = Release|Any CPU
	EndGlobalSection
	GlobalSection(ProjectConfigurationPlatforms) = postSolution
		{194D7E16-0096-4331-A2DE-C932B9ED8FCC}.Debug|Any CPU.ActiveCfg = Debug|Any CPU
		{194D7E16-0096-4331-A2DE-C932B9ED8FCC}.Debug|Any CPU.Build.0 = Debug|Any CPU
		{194D7E16-0096-4331-A2DE-C932B9ED8FCC}.Release|Any CPU.ActiveCfg = Release|Any CPU
		{194D7E16-0096-4331-A2DE-C932B9ED8FCC}.Release|Any CPU.Build.0 = Release|Any CPU
		{AB8E08E8-0E90-447A-A331-6795982BE3F6}.Debug|Any CPU.ActiveCfg = Debug|Any CPU
		{AB8E08E8-0E90-447A-A331-6795982BE3F6}.Debug|Any CPU.Build.0 = Debug|Any CPU
		{AB8E08E8-0E90-447A-A331-6795982BE3F6}.Release|Any CPU.ActiveCfg = Release|Any CPU
		{AB8E08E8-0E90-447A-A331-6795982BE3F6}.Release|Any CPU.Build.0 = Release|Any CPU
	EndGlobalSection
	GlobalSection(SolutionProperties) = preSolution
		HideSolutionNode = FALSE
	EndGlobalSection
EndGlobal
